	<Project xmlns="http://schemas.microsoft.com/developer/msbuild/2003">
		<PropertyGroup>
			<ProjectGuid>{682F1842-1AD1-4546-9AF4-5B067AE2733D}</ProjectGuid>
			<MainSource>eventsCom.dpr</MainSource>
			<Base>True</Base>
			<Config Condition="'$(Config)'==''">Debug</Config>
			<TargetedPlatforms>3</TargetedPlatforms>
			<AppType>Library</AppType>
			<FrameworkType>VCL</FrameworkType>
			<ProjectVersion>16.1</ProjectVersion>
			<Platform Condition="'$(Platform)'==''">Win64</Platform>
		</PropertyGroup>
		<PropertyGroup Condition="'$(Config)'=='Base' or '$(Base)'!=''">
			<Base>true</Base>
		</PropertyGroup>
		<PropertyGroup Condition="('$(Platform)'=='Win64' and '$(Base)'=='true') or '$(Base_Win64)'!=''">
			<Base_Win64>true</Base_Win64>
			<CfgParent>Base</CfgParent>
			<Base>true</Base>
		</PropertyGroup>
		<PropertyGroup Condition="('$(Platform)'=='Win32' and '$(Base)'=='true') or '$(Base_Win32)'!=''">
			<Base_Win32>true</Base_Win32>
			<CfgParent>Base</CfgParent>
			<Base>true</Base>
		</PropertyGroup>
		<PropertyGroup Condition="'$(Config)'=='Release' or '$(Cfg_1)'!=''">
			<Cfg_1>true</Cfg_1>
			<CfgParent>Base</CfgParent>
			<Base>true</Base>
		</PropertyGroup>
		<PropertyGroup Condition="'$(Config)'=='Debug' or '$(Cfg_2)'!=''">
			<Cfg_2>true</Cfg_2>
			<CfgParent>Base</CfgParent>
			<Base>true</Base>
		</PropertyGroup>
		<PropertyGroup Condition="('$(Platform)'=='Win64' and '$(Cfg_2)'=='true') or '$(Cfg_2_Win64)'!=''">
			<Cfg_2_Win64>true</Cfg_2_Win64>
			<CfgParent>Cfg_2</CfgParent>
			<Cfg_2>true</Cfg_2>
			<Base>true</Base>
		</PropertyGroup>
		<PropertyGroup Condition="('$(Platform)'=='Win32' and '$(Cfg_2)'=='true') or '$(Cfg_2_Win32)'!=''">
			<Cfg_2_Win32>true</Cfg_2_Win32>
			<CfgParent>Cfg_2</CfgParent>
			<Cfg_2>true</Cfg_2>
			<Base>true</Base>
		</PropertyGroup>
		<PropertyGroup Condition="'$(Base)'!=''">
			<DCC_DcuOutput>$(USERPROFILE)\Documents\ASCON\kompas3dstorage\$(Platform)\$(Config)</DCC_DcuOutput>
			<Manifest_File>None</Manifest_File>
			<SanitizedProjectName>eventsCom</SanitizedProjectName>
			<ImageDebugInfo>true</ImageDebugInfo>
			<DCC_SymbolReferenceInfo>1</DCC_SymbolReferenceInfo>
			<DCC_E>false</DCC_E>
			<DCC_UsePackage>Vcl50;Vclx50;VclSmp50;Vcldb50;vclado50;ibevnt50;Vclbde50;vcldbx50;Qrpt50;TeeUI50;TeeDB50;Tee50;Dss50;TeeQR50;VCLIB50;Vclmid50;vclie50;Inetdb50;Inet50;NMFast50;webmid50;dclocx50;dclaxserver50;$(DCC_UsePackage)</DCC_UsePackage>
			<DCC_K>false</DCC_K>
			<DCC_F>false</DCC_F>
			<DCC_Alignment>1</DCC_Alignment>
			<DCC_N>true</DCC_N>
			<VerInfo_Locale>1049</VerInfo_Locale>
			<DCC_ImageBase>00400000</DCC_ImageBase>
			<VerInfo_Keys>CompanyName=;FileDescription=;FileVersion=1.0.0.0;InternalName=;LegalCopyright=;LegalTrademarks=;OriginalFilename=;ProductName=;ProductVersion=1.0.0.0;Comments=</VerInfo_Keys>
			<DCC_Namespace>System;Xml;Data;Datasnap;Web;Soap;Winapi;Vcl;System.Win;Vcl.Imaging;Vcl.Touch;Vcl.Samples;Vcl.Shell;$(DCC_Namespace)</DCC_Namespace>
			<DCC_DebugInfoInExe>true</DCC_DebugInfoInExe>
			<GenDll>true</GenDll>
			<DCC_S>false</DCC_S>
			<DCC_WriteableConstants>true</DCC_WriteableConstants>
		</PropertyGroup>
		<PropertyGroup Condition="'$(Base_Win64)'!=''">
			<Manifest_File>None</Manifest_File>
			<OutputExt>rtw</OutputExt>
			<VerInfo_Locale>1033</VerInfo_Locale>
			<DCC_Namespace>Data.Win;Datasnap.Win;Web.Win;Soap.Win;Xml.Win;$(DCC_Namespace)</DCC_Namespace>
			<VerInfo_IncludeVerInfo>true</VerInfo_IncludeVerInfo>
		</PropertyGroup>
		<PropertyGroup Condition="'$(Base_Win32)'!=''">
			<Manifest_File>None</Manifest_File>
			<OutputExt>rtw</OutputExt>
			<VerInfo_Locale>1033</VerInfo_Locale>
			<VerInfo_IncludeVerInfo>true</VerInfo_IncludeVerInfo>
			<DCC_Namespace>Data.Win;Datasnap.Win;Web.Win;Soap.Win;Xml.Win;Bde;$(DCC_Namespace)</DCC_Namespace>
		</PropertyGroup>
		<PropertyGroup Condition="'$(Cfg_1)'!=''">
			<DCC_Define>RELEASE;$(DCC_Define)</DCC_Define>
			<DCC_SymbolReferenceInfo>0</DCC_SymbolReferenceInfo>
			<DCC_DebugInformation>0</DCC_DebugInformation>
			<DCC_LocalDebugSymbols>false</DCC_LocalDebugSymbols>
		</PropertyGroup>
		<PropertyGroup Condition="'$(Cfg_2)'!=''">
			<DCC_Define>DEBUG;$(DCC_Define)</DCC_Define>
			<DCC_Optimize>false</DCC_Optimize>
			<DCC_GenerateStackFrames>true</DCC_GenerateStackFrames>
		</PropertyGroup>
		<PropertyGroup Condition="'$(Cfg_2_Win64)'!=''">
			<Debugger_CWD>$(BDSUSERDIR)\kompas-3d-storage\x64\</Debugger_CWD>
			<Debugger_HostApplication>C:\Program Files\ASCON\KOMPAS-3D v17\Bin\KOMPAS.Exe</Debugger_HostApplication>
			<VerInfo_IncludeVerInfo>true</VerInfo_IncludeVerInfo>
			<VerInfo_Locale>1033</VerInfo_Locale>
		</PropertyGroup>
		<PropertyGroup Condition="'$(Cfg_2_Win32)'!=''">
			<Manifest_File>None</Manifest_File>
			<OutputExt>rtw</OutputExt>
			<VerInfo_Locale>1033</VerInfo_Locale>
			<VerInfo_IncludeVerInfo>true</VerInfo_IncludeVerInfo>
		</PropertyGroup>
		<ItemGroup>
			<DelphiCompile Include="$(MainSource)">
				<MainSource>MainSource</MainSource>
			</DelphiCompile>
			<RcCompile Include="events.rc">
				<Form>events.res</Form>
			</RcCompile>
			<DCCReference Include="events.pas"/>
			<DCCReference Include="ApplicationEvents.pas"/>
			<DCCReference Include="DocumentEvents.pas"/>
			<DCCReference Include="cBaseEvents.pas"/>
			<DCCReference Include="DiskValidate.pas"/>
			<DCCReference Include="MainCommands.pas"/>
			<DCCReference Include="ActiveDocument_API7.pas"/>
			<DCCReference Include="ActiveDocument_API5.pas"/>
			<DCCReference Include="Misc.pas"/>
			<DCCReference Include="TaskDialog.pas">
				<Form>frmTaskDialog</Form>
			</DCCReference>
			<BuildConfiguration Include="Debug">
				<Key>Cfg_2</Key>
				<CfgParent>Base</CfgParent>
			</BuildConfiguration>
			<BuildConfiguration Include="Base">
				<Key>Base</Key>
			</BuildConfiguration>
			<BuildConfiguration Include="Release">
				<Key>Cfg_1</Key>
				<CfgParent>Base</CfgParent>
			</BuildConfiguration>
		</ItemGroup>
		<ProjectExtensions>
			<Borland.Personality>Delphi.Personality.12</Borland.Personality>
			<Borland.ProjectType/>
			<BorlandProject>
				<Delphi.Personality>
					<Source>
						<Source Name="MainSource">eventsCom.dpr</Source>
					</Source>
					<Language>
						<Language Name="ProjectLang">$00000419</Language>
					</Language>
					<VersionInfo>
						<VersionInfo Name="IncludeVerInfo">False</VersionInfo>
						<VersionInfo Name="AutoIncBuild">False</VersionInfo>
						<VersionInfo Name="MajorVer">1</VersionInfo>
						<VersionInfo Name="MinorVer">0</VersionInfo>
						<VersionInfo Name="Release">0</VersionInfo>
						<VersionInfo Name="Build">0</VersionInfo>
						<VersionInfo Name="Debug">False</VersionInfo>
						<VersionInfo Name="PreRelease">False</VersionInfo>
						<VersionInfo Name="Special">False</VersionInfo>
						<VersionInfo Name="Private">False</VersionInfo>
						<VersionInfo Name="DLL">False</VersionInfo>
						<VersionInfo Name="Locale">1049</VersionInfo>
						<VersionInfo Name="CodePage">1251</VersionInfo>
					</VersionInfo>
					<VersionInfoKeys>
						<VersionInfoKeys Name="CompanyName"/>
						<VersionInfoKeys Name="FileDescription"/>
						<VersionInfoKeys Name="FileVersion">1.0.0.0</VersionInfoKeys>
						<VersionInfoKeys Name="InternalName"/>
						<VersionInfoKeys Name="LegalCopyright"/>
						<VersionInfoKeys Name="LegalTrademarks"/>
						<VersionInfoKeys Name="OriginalFilename"/>
						<VersionInfoKeys Name="ProductName"/>
						<VersionInfoKeys Name="ProductVersion">1.0.0.0</VersionInfoKeys>
						<VersionInfoKeys Name="Comments"/>
					</VersionInfoKeys>
					<Excluded_Packages/>
				</Delphi.Personality>
				<Platforms>
					<Platform value="Win64">True</Platform>
					<Platform value="Win32">True</Platform>
				</Platforms>
			</BorlandProject>
			<ProjectFileVersion>12</ProjectFileVersion>
		</ProjectExtensions>
		<Import Condition="Exists('$(BDS)\Bin\CodeGear.Delphi.Targets')" Project="$(BDS)\Bin\CodeGear.Delphi.Targets"/>
		<Import Condition="Exists('$(APPDATA)\Embarcadero\$(BDSAPPDATABASEDIR)\$(PRODUCTVERSION)\UserTools.proj')" Project="$(APPDATA)\Embarcadero\$(BDSAPPDATABASEDIR)\$(PRODUCTVERSION)\UserTools.proj"/>
	</Project>
